{
  "nodes": {
    "bats": {
      "inputs": {
        "nixpkgs": [
          "chrest",
          "nixpkgs"
        ],
        "nixpkgs-master": [
          "chrest",
          "nixpkgs-master"
        ],
        "utils": [
          "chrest",
          "utils"
        ]
      },
      "locked": {
        "lastModified": 1779570323,
        "narHash": "sha256-0urKW1FpMR84lmbwVvRyzAuhc1mUTs4uYq5yOqjA360=",
        "owner": "amarbel-llc",
        "repo": "bats",
        "rev": "6a64e3162c7b6953f47db826db6a1055506b8502",
        "type": "github"
      },
      "original": {
        "owner": "amarbel-llc",
        "repo": "bats",
        "type": "github"
      }
    },
    "bats_2": {
      "inputs": {
        "nixpkgs": [
          "chrest",
          "bob",
          "nixpkgs"
        ],
        "nixpkgs-master": "nixpkgs-master",
        "utils": "utils"
      },
      "locked": {
        "lastModified": 1779570323,
        "narHash": "sha256-0urKW1FpMR84lmbwVvRyzAuhc1mUTs4uYq5yOqjA360=",
        "owner": "amarbel-llc",
        "repo": "bats",
        "rev": "6a64e3162c7b6953f47db826db6a1055506b8502",
        "type": "github"
      },
      "original": {
        "owner": "amarbel-llc",
        "repo": "bats",
        "type": "github"
      }
    },
    "bats_3": {
      "inputs": {
        "nixpkgs": [
          "chrest",
          "bob",
          "tap",
          "nixpkgs"
        ],
        "nixpkgs-master": [
          "chrest",
          "bob",
          "tap",
          "nixpkgs-master"
        ],
        "utils": [
          "chrest",
          "bob",
          "tap",
          "utils"
        ]
      },
      "locked": {
        "lastModified": 1779570323,
        "narHash": "sha256-0urKW1FpMR84lmbwVvRyzAuhc1mUTs4uYq5yOqjA360=",
        "owner": "amarbel-llc",
        "repo": "bats",
        "rev": "6a64e3162c7b6953f47db826db6a1055506b8502",
        "type": "github"
      },
      "original": {
        "owner": "amarbel-llc",
        "repo": "bats",
        "type": "github"
      }
    },
    "bats_4": {
      "inputs": {
        "nixpkgs": [
          "chrest",
          "tommy",
          "nixpkgs"
        ],
        "nixpkgs-master": [
          "chrest",
          "tommy",
          "nixpkgs-master"
        ],
        "utils": [
          "chrest",
          "tommy",
          "utils"
        ]
      },
      "locked": {
        "lastModified": 1779570323,
        "narHash": "sha256-0urKW1FpMR84lmbwVvRyzAuhc1mUTs4uYq5yOqjA360=",
        "owner": "amarbel-llc",
        "repo": "bats",
        "rev": "6a64e3162c7b6953f47db826db6a1055506b8502",
        "type": "github"
      },
      "original": {
        "owner": "amarbel-llc",
        "repo": "bats",
        "type": "github"
      }
    },
    "bob": {
      "inputs": {
        "bats": "bats_2",
        "gomod2nix": "gomod2nix",
        "nixpkgs": [
          "chrest",
          "nixpkgs"
        ],
        "nixpkgs-master": [
          "chrest",
          "nixpkgs-master"
        ],
        "purse-first": "purse-first",
        "rust-overlay": "rust-overlay_2",
        "tap": "tap",
        "utils": [
          "chrest",
          "utils"
        ]
      },
      "locked": {
        "lastModified": 1779573236,
        "narHash": "sha256-dlyYhci0iZYmsXCxltMmyqiOD9l3kmJJr8i5q+OUaig=",
        "owner": "amarbel-llc",
        "repo": "bob",
        "rev": "8ba3e23a19be148ffa44c590cd1fc2fc73031032",
        "type": "github"
      },
      "original": {
        "owner": "amarbel-llc",
        "repo": "bob",
        "type": "github"
      }
    },
    "bun2nix": {
      "inputs": {
        "flake-parts": "flake-parts",
        "nixpkgs": [
          "chrest",
          "nixpkgs"
        ],
        "systems": "systems_6",
        "treefmt-nix": "treefmt-nix_2"
      },
      "locked": {
        "lastModified": 1778446047,
        "narHash": "sha256-oQvcadh2BCkrog+SGrG6YffKJrveYpjj3TdQJWaKhaM=",
        "owner": "nix-community",
        "repo": "bun2nix",
        "rev": "f2bc12af1a6369648aac41041ceeaa0b866599c6",
        "type": "github"
      },
      "original": {
        "owner": "nix-community",
        "repo": "bun2nix",
        "type": "github"
      }
    },
    "bun2nix_2": {
      "inputs": {
        "flake-parts": [
          "nixpkgs",
          "flake-parts"
        ],
        "nixpkgs": [
          "nixpkgs",
          "nixpkgs-master"
        ],
        "systems": [
          "nixpkgs",
          "systems"
        ],
        "treefmt-nix": [
          "nixpkgs",
          "treefmt-nix"
        ]
      },
      "locked": {
        "lastModified": 1778446047,
        "narHash": "sha256-oQvcadh2BCkrog+SGrG6YffKJrveYpjj3TdQJWaKhaM=",
        "owner": "nix-community",
        "repo": "bun2nix",
        "rev": "f2bc12af1a6369648aac41041ceeaa0b866599c6",
        "type": "github"
      },
      "original": {
        "owner": "nix-community",
        "repo": "bun2nix",
        "type": "github"
      }
    },
    "chrest": {
      "inputs": {
        "bats": "bats",
        "bob": "bob",
        "bun2nix": "bun2nix",
        "nixpkgs": [
          "nixpkgs"
        ],
        "nixpkgs-master": "nixpkgs-master_6",
        "tommy": "tommy",
        "utils": [
          "utils"
        ]
      },
      "locked": {
        "lastModified": 1779573787,
        "narHash": "sha256-03DUm6H9HuDYTnpO6ea7//4kC+si2GPFRHkzmjizdkM=",
        "owner": "amarbel-llc",
        "repo": "chrest",
        "rev": "fdeca70cd4a4ad8c6f58fcbc1bbc1d45f343a06d",
        "type": "github"
      },
      "original": {
        "owner": "amarbel-llc",
        "repo": "chrest",
        "type": "github"
      }
    },
    "crane": {
      "locked": {
        "lastModified": 1779130139,
        "narHash": "sha256-BLrtr42azquO7MdGFU5a7KiMl3YpFlTeIXqy1fT5GlQ=",
        "owner": "ipetkov",
        "repo": "crane",
        "rev": "edb38893982a3338972bb4a2ec7ce7c29ba10fd9",
        "type": "github"
      },
      "original": {
        "owner": "ipetkov",
        "repo": "crane",
        "type": "github"
      }
    },
    "crane_2": {
      "locked": {
        "lastModified": 1779130139,
        "narHash": "sha256-BLrtr42azquO7MdGFU5a7KiMl3YpFlTeIXqy1fT5GlQ=",
        "owner": "ipetkov",
        "repo": "crane",
        "rev": "edb38893982a3338972bb4a2ec7ce7c29ba10fd9",
        "type": "github"
      },
      "original": {
        "owner": "ipetkov",
        "repo": "crane",
        "type": "github"
      }
    },
    "crane_3": {
      "locked": {
        "lastModified": 1779130139,
        "narHash": "sha256-BLrtr42azquO7MdGFU5a7KiMl3YpFlTeIXqy1fT5GlQ=",
        "owner": "ipetkov",
        "repo": "crane",
        "rev": "edb38893982a3338972bb4a2ec7ce7c29ba10fd9",
        "type": "github"
      },
      "original": {
        "owner": "ipetkov",
        "repo": "crane",
        "type": "github"
      }
    },
    "flake-parts": {
      "inputs": {
        "nixpkgs-lib": [
          "chrest",
          "bun2nix",
          "nixpkgs"
        ]
      },
      "locked": {
        "lastModified": 1777988971,
        "narHash": "sha256-qIoWPDs+0/8JecyYgE3gpKQxW/4bLW/gp45vow9ioCQ=",
        "owner": "hercules-ci",
        "repo": "flake-parts",
        "rev": "0678d8986be1661af6bb555f3489f2fdfc31f6ff",
        "type": "github"
      },
      "original": {
        "owner": "hercules-ci",
        "repo": "flake-parts",
        "type": "github"
      }
    },
    "flake-parts_2": {
      "inputs": {
        "nixpkgs-lib": [
          "nixpkgs",
          "nixpkgs-master"
        ]
      },
      "locked": {
        "lastModified": 1778716662,
        "narHash": "sha256-m1Yf0wZ8j1OHjTc2UwHwyQRSnNeSgLJOd7q5Y45hzi4=",
        "owner": "hercules-ci",
        "repo": "flake-parts",
        "rev": "f7c1a2d347e4c52d5fb8d10cb4d94b5884e546fb",
        "type": "github"
      },
      "original": {
        "owner": "hercules-ci",
        "repo": "flake-parts",
        "type": "github"
      }
    },
    "flake-utils": {
      "inputs": {
        "systems": "systems_2"
      },
      "locked": {
        "lastModified": 1731533236,
        "narHash": "sha256-l0KFg5HjrsfsO/JpG+r7fRrqm12kzFHyUHqHCVpMMbI=",
        "owner": "numtide",
        "repo": "flake-utils",
        "rev": "11707dc2f618dd54ca8739b309ec4fc024de578b",
        "type": "github"
      },
      "original": {
        "owner": "numtide",
        "repo": "flake-utils",
        "type": "github"
      }
    },
    "flake-utils_2": {
      "inputs": {
        "systems": "systems_4"
      },
      "locked": {
        "lastModified": 1731533236,
        "narHash": "sha256-l0KFg5HjrsfsO/JpG+r7fRrqm12kzFHyUHqHCVpMMbI=",
        "owner": "numtide",
        "repo": "flake-utils",
        "rev": "11707dc2f618dd54ca8739b309ec4fc024de578b",
        "type": "github"
      },
      "original": {
        "owner": "numtide",
        "repo": "flake-utils",
        "type": "github"
      }
    },
    "flake-utils_3": {
      "inputs": {
        "systems": "systems_7"
      },
      "locked": {
        "lastModified": 1731533236,
        "narHash": "sha256-l0KFg5HjrsfsO/JpG+r7fRrqm12kzFHyUHqHCVpMMbI=",
        "owner": "numtide",
        "repo": "flake-utils",
        "rev": "11707dc2f618dd54ca8739b309ec4fc024de578b",
        "type": "github"
      },
      "original": {
        "owner": "numtide",
        "repo": "flake-utils",
        "type": "github"
      }
    },
    "gomod2nix": {
      "inputs": {
        "flake-utils": "flake-utils",
        "nixpkgs": [
          "chrest",
          "bob",
          "nixpkgs"
        ],
        "nixpkgs-master": "nixpkgs-master_2"
      },
      "locked": {
        "lastModified": 1779569595,
        "narHash": "sha256-S0hyOJW//OnOB8R1zOG7X7+62ntVf40r6TFuJkTtQ4g=",
        "owner": "amarbel-llc",
        "repo": "gomod2nix",
        "rev": "b2313772128b6a5131f8b6fc5f19cf51479404ae",
        "type": "github"
      },
      "original": {
        "owner": "amarbel-llc",
        "repo": "gomod2nix",
        "type": "github"
      }
    },
    "gomod2nix_2": {
      "inputs": {
        "flake-utils": [
          "chrest",
          "bob",
          "purse-first",
          "utils"
        ],
        "nixpkgs": [
          "chrest",
          "bob",
          "purse-first",
          "nixpkgs"
        ],
        "nixpkgs-master": [
          "chrest",
          "bob",
          "purse-first",
          "nixpkgs-master"
        ]
      },
      "locked": {
        "lastModified": 1779569595,
        "narHash": "sha256-S0hyOJW//OnOB8R1zOG7X7+62ntVf40r6TFuJkTtQ4g=",
        "owner": "amarbel-llc",
        "repo": "gomod2nix",
        "rev": "b2313772128b6a5131f8b6fc5f19cf51479404ae",
        "type": "github"
      },
      "original": {
        "owner": "amarbel-llc",
        "repo": "gomod2nix",
        "type": "github"
      }
    },
    "gomod2nix_3": {
      "inputs": {
        "flake-utils": "flake-utils_2",
        "nixpkgs": [
          "chrest",
          "bob",
          "tap",
          "nixpkgs"
        ],
        "nixpkgs-master": "nixpkgs-master_4"
      },
      "locked": {
        "lastModified": 1779569595,
        "narHash": "sha256-S0hyOJW//OnOB8R1zOG7X7+62ntVf40r6TFuJkTtQ4g=",
        "owner": "amarbel-llc",
        "repo": "gomod2nix",
        "rev": "b2313772128b6a5131f8b6fc5f19cf51479404ae",
        "type": "github"
      },
      "original": {
        "owner": "amarbel-llc",
        "repo": "gomod2nix",
        "type": "github"
      }
    },
    "gomod2nix_4": {
      "inputs": {
        "flake-utils": "flake-utils_3",
        "nixpkgs": [
          "chrest",
          "tommy",
          "tap",
          "nixpkgs"
        ],
        "nixpkgs-master": "nixpkgs-master_7"
      },
      "locked": {
        "lastModified": 1779569595,
        "narHash": "sha256-S0hyOJW//OnOB8R1zOG7X7+62ntVf40r6TFuJkTtQ4g=",
        "owner": "amarbel-llc",
        "repo": "gomod2nix",
        "rev": "b2313772128b6a5131f8b6fc5f19cf51479404ae",
        "type": "github"
      },
      "original": {
        "owner": "amarbel-llc",
        "repo": "gomod2nix",
        "type": "github"
      }
    },
    "nixpkgs": {
      "inputs": {
        "bun2nix": "bun2nix_2",
        "flake-parts": "flake-parts_2",
        "nixpkgs-master": [
          "nixpkgs-master"
        ],
        "systems": "systems_8",
        "treefmt-nix": "treefmt-nix_4"
      },
      "locked": {
        "lastModified": 1779730058,
        "narHash": "sha256-LsPVF0s5ezDHtRjMDBaXFTgaT4fyswRgn8JT9WWXM5M=",
        "owner": "amarbel-llc",
        "repo": "nixpkgs",
        "rev": "1de98199124f54b309f9db20b2e51935d3cfa77c",
        "type": "github"
      },
      "original": {
        "owner": "amarbel-llc",
        "repo": "nixpkgs",
        "type": "github"
      }
    },
    "nixpkgs-master": {
      "locked": {
        "lastModified": 1778869304,
        "narHash": "sha256-30sZNZoA1cqF5JNO9fVX+wgiQYjB7HJqqJ4ztCDeBZE=",
        "owner": "NixOS",
        "repo": "nixpkgs",
        "rev": "d233902339c02a9c334e7e593de68855ad26c4cb",
        "type": "github"
      },
      "original": {
        "owner": "NixOS",
        "repo": "nixpkgs",
        "rev": "d233902339c02a9c334e7e593de68855ad26c4cb",
        "type": "github"
      }
    },
    "nixpkgs-master_2": {
      "locked": {
        "lastModified": 1778869304,
        "narHash": "sha256-30sZNZoA1cqF5JNO9fVX+wgiQYjB7HJqqJ4ztCDeBZE=",
        "owner": "NixOS",
        "repo": "nixpkgs",
        "rev": "d233902339c02a9c334e7e593de68855ad26c4cb",
        "type": "github"
      },
      "original": {
        "owner": "NixOS",
        "repo": "nixpkgs",
        "rev": "d233902339c02a9c334e7e593de68855ad26c4cb",
        "type": "github"
      }
    },
    "nixpkgs-master_3": {
      "locked": {
        "lastModified": 1778869304,
        "narHash": "sha256-30sZNZoA1cqF5JNO9fVX+wgiQYjB7HJqqJ4ztCDeBZE=",
        "owner": "NixOS",
        "repo": "nixpkgs",
        "rev": "d233902339c02a9c334e7e593de68855ad26c4cb",
        "type": "github"
      },
      "original": {
        "owner": "NixOS",
        "repo": "nixpkgs",
        "rev": "d233902339c02a9c334e7e593de68855ad26c4cb",
        "type": "github"
      }
    },
    "nixpkgs-master_4": {
      "locked": {
        "lastModified": 1778869304,
        "narHash": "sha256-30sZNZoA1cqF5JNO9fVX+wgiQYjB7HJqqJ4ztCDeBZE=",
        "owner": "NixOS",
        "repo": "nixpkgs",
        "rev": "d233902339c02a9c334e7e593de68855ad26c4cb",
        "type": "github"
      },
      "original": {
        "owner": "NixOS",
        "repo": "nixpkgs",
        "rev": "d233902339c02a9c334e7e593de68855ad26c4cb",
        "type": "github"
      }
    },
    "nixpkgs-master_5": {
      "locked": {
        "lastModified": 1778869304,
        "narHash": "sha256-30sZNZoA1cqF5JNO9fVX+wgiQYjB7HJqqJ4ztCDeBZE=",
        "owner": "NixOS",
        "repo": "nixpkgs",
        "rev": "d233902339c02a9c334e7e593de68855ad26c4cb",
        "type": "github"
      },
      "original": {
        "owner": "NixOS",
        "repo": "nixpkgs",
        "rev": "d233902339c02a9c334e7e593de68855ad26c4cb",
        "type": "github"
      }
    },
    "nixpkgs-master_6": {
      "locked": {
        "lastModified": 1778869304,
        "narHash": "sha256-30sZNZoA1cqF5JNO9fVX+wgiQYjB7HJqqJ4ztCDeBZE=",
        "owner": "NixOS",
        "repo": "nixpkgs",
        "rev": "d233902339c02a9c334e7e593de68855ad26c4cb",
        "type": "github"
      },
      "original": {
        "owner": "NixOS",
        "repo": "nixpkgs",
        "rev": "d233902339c02a9c334e7e593de68855ad26c4cb",
        "type": "github"
      }
    },
    "nixpkgs-master_7": {
      "locked": {
        "lastModified": 1778869304,
        "narHash": "sha256-30sZNZoA1cqF5JNO9fVX+wgiQYjB7HJqqJ4ztCDeBZE=",
        "owner": "NixOS",
        "repo": "nixpkgs",
        "rev": "d233902339c02a9c334e7e593de68855ad26c4cb",
        "type": "github"
      },
      "original": {
        "owner": "NixOS",
        "repo": "nixpkgs",
        "rev": "d233902339c02a9c334e7e593de68855ad26c4cb",
        "type": "github"
      }
    },
    "nixpkgs-master_8": {
      "locked": {
        "lastModified": 1778869304,
        "narHash": "sha256-30sZNZoA1cqF5JNO9fVX+wgiQYjB7HJqqJ4ztCDeBZE=",
        "owner": "NixOS",
        "repo": "nixpkgs",
        "rev": "d233902339c02a9c334e7e593de68855ad26c4cb",
        "type": "github"
      },
      "original": {
        "owner": "NixOS",
        "repo": "nixpkgs",
        "rev": "d233902339c02a9c334e7e593de68855ad26c4cb",
        "type": "github"
      }
    },
    "purse-first": {
      "inputs": {
        "crane": "crane",
        "gomod2nix": "gomod2nix_2",
        "nixpkgs": [
          "chrest",
          "bob",
          "nixpkgs"
        ],
        "nixpkgs-master": "nixpkgs-master_3",
        "rust-overlay": "rust-overlay",
        "utils": "utils_2"
      },
      "locked": {
        "lastModified": 1779572368,
        "narHash": "sha256-xNjzm97UYOnqj/qaySIikUq/xRUHfBQmB/t9Dr/ecmQ=",
        "owner": "amarbel-llc",
        "repo": "purse-first",
        "rev": "56787e78a8756b458b6ccbcb11682e7587751222",
        "type": "github"
      },
      "original": {
        "owner": "amarbel-llc",
        "repo": "purse-first",
        "type": "github"
      }
    },
    "root": {
      "inputs": {
        "chrest": "chrest",
        "nixpkgs": "nixpkgs",
        "nixpkgs-master": "nixpkgs-master_8",
        "utils": "utils_4"
      }
    },
    "rust-overlay": {
      "inputs": {
        "nixpkgs": [
          "chrest",
          "bob",
          "purse-first",
          "nixpkgs"
        ]
      },
      "locked": {
        "lastModified": 1779506148,
        "narHash": "sha256-OffE5yuMrSW71zIJNLvtl9MCO6WTAHEjlFPUCvkd/QM=",
        "owner": "oxalica",
        "repo": "rust-overlay",
        "rev": "d9973e2ab49747fada06ebbe26cda27eb0220cf1",
        "type": "github"
      },
      "original": {
        "owner": "oxalica",
        "repo": "rust-overlay",
        "type": "github"
      }
    },
    "rust-overlay_2": {
      "inputs": {
        "nixpkgs": [
          "chrest",
          "bob",
          "nixpkgs"
        ]
      },
      "locked": {
        "lastModified": 1779506148,
        "narHash": "sha256-OffE5yuMrSW71zIJNLvtl9MCO6WTAHEjlFPUCvkd/QM=",
        "owner": "oxalica",
        "repo": "rust-overlay",
        "rev": "d9973e2ab49747fada06ebbe26cda27eb0220cf1",
        "type": "github"
      },
      "original": {
        "owner": "oxalica",
        "repo": "rust-overlay",
        "type": "github"
      }
    },
    "rust-overlay_3": {
      "inputs": {
        "nixpkgs": [
          "chrest",
          "bob",
          "tap",
          "nixpkgs"
        ]
      },
      "locked": {
        "lastModified": 1779506148,
        "narHash": "sha256-OffE5yuMrSW71zIJNLvtl9MCO6WTAHEjlFPUCvkd/QM=",
        "owner": "oxalica",
        "repo": "rust-overlay",
        "rev": "d9973e2ab49747fada06ebbe26cda27eb0220cf1",
        "type": "github"
      },
      "original": {
        "owner": "oxalica",
        "repo": "rust-overlay",
        "type": "github"
      }
    },
    "rust-overlay_4": {
      "inputs": {
        "nixpkgs": [
          "chrest",
          "tommy",
          "tap",
          "nixpkgs"
        ]
      },
      "locked": {
        "lastModified": 1779506148,
        "narHash": "sha256-OffE5yuMrSW71zIJNLvtl9MCO6WTAHEjlFPUCvkd/QM=",
        "owner": "oxalica",
        "repo": "rust-overlay",
        "rev": "d9973e2ab49747fada06ebbe26cda27eb0220cf1",
        "type": "github"
      },
      "original": {
        "owner": "oxalica",
        "repo": "rust-overlay",
        "type": "github"
      }
    },
    "systems": {
      "locked": {
        "lastModified": 1681028828,
        "narHash": "sha256-Vy1rq5AaRuLzOxct8nz4T6wlgyUR7zLU309k9mBC768=",
        "owner": "nix-systems",
        "repo": "default",
        "rev": "da67096a3b9bf56a91d16901293e51ba5b49a27e",
        "type": "github"
      },
      "original": {
        "owner": "nix-systems",
        "repo": "default",
        "type": "github"
      }
    },
    "systems_2": {
      "locked": {
        "lastModified": 1681028828,
        "narHash": "sha256-Vy1rq5AaRuLzOxct8nz4T6wlgyUR7zLU309k9mBC768=",
        "owner": "nix-systems",
        "repo": "default",
        "rev": "da67096a3b9bf56a91d16901293e51ba5b49a27e",
        "type": "github"
      },
      "original": {
        "owner": "nix-systems",
        "repo": "default",
        "type": "github"
      }
    },
    "systems_3": {
      "locked": {
        "lastModified": 1681028828,
        "narHash": "sha256-Vy1rq5AaRuLzOxct8nz4T6wlgyUR7zLU309k9mBC768=",
        "owner": "nix-systems",
        "repo": "default",
        "rev": "da67096a3b9bf56a91d16901293e51ba5b49a27e",
        "type": "github"
      },
      "original": {
        "owner": "nix-systems",
        "repo": "default",
        "type": "github"
      }
    },
    "systems_4": {
      "locked": {
        "lastModified": 1681028828,
        "narHash": "sha256-Vy1rq5AaRuLzOxct8nz4T6wlgyUR7zLU309k9mBC768=",
        "owner": "nix-systems",
        "repo": "default",
        "rev": "da67096a3b9bf56a91d16901293e51ba5b49a27e",
        "type": "github"
      },
      "original": {
        "owner": "nix-systems",
        "repo": "default",
        "type": "github"
      }
    },
    "systems_5": {
      "locked": {
        "lastModified": 1681028828,
        "narHash": "sha256-Vy1rq5AaRuLzOxct8nz4T6wlgyUR7zLU309k9mBC768=",
        "owner": "nix-systems",
        "repo": "default",
        "rev": "da67096a3b9bf56a91d16901293e51ba5b49a27e",
        "type": "github"
      },
      "original": {
        "owner": "nix-systems",
        "repo": "default",
        "type": "github"
      }
    },
    "systems_6": {
      "locked": {
        "lastModified": 1681028828,
        "narHash": "sha256-Vy1rq5AaRuLzOxct8nz4T6wlgyUR7zLU309k9mBC768=",
        "owner": "nix-systems",
        "repo": "default",
        "rev": "da67096a3b9bf56a91d16901293e51ba5b49a27e",
        "type": "github"
      },
      "original": {
        "owner": "nix-systems",
        "repo": "default",
        "type": "github"
      }
    },
    "systems_7": {
      "locked": {
        "lastModified": 1681028828,
        "narHash": "sha256-Vy1rq5AaRuLzOxct8nz4T6wlgyUR7zLU309k9mBC768=",
        "owner": "nix-systems",
        "repo": "default",
        "rev": "da67096a3b9bf56a91d16901293e51ba5b49a27e",
        "type": "github"
      },
      "original": {
        "owner": "nix-systems",
        "repo": "default",
        "type": "github"
      }
    },
    "systems_8": {
      "locked": {
        "lastModified": 1681028828,
        "narHash": "sha256-Vy1rq5AaRuLzOxct8nz4T6wlgyUR7zLU309k9mBC768=",
        "owner": "nix-systems",
        "repo": "default",
        "rev": "da67096a3b9bf56a91d16901293e51ba5b49a27e",
        "type": "github"
      },
      "original": {
        "owner": "nix-systems",
        "repo": "default",
        "type": "github"
      }
    },
    "systems_9": {
      "locked": {
        "lastModified": 1681028828,
        "narHash": "sha256-Vy1rq5AaRuLzOxct8nz4T6wlgyUR7zLU309k9mBC768=",
        "owner": "nix-systems",
        "repo": "default",
        "rev": "da67096a3b9bf56a91d16901293e51ba5b49a27e",
        "type": "github"
      },
      "original": {
        "owner": "nix-systems",
        "repo": "default",
        "type": "github"
      }
    },
    "tap": {
      "inputs": {
        "bats": "bats_3",
        "crane": "crane_2",
        "gomod2nix": "gomod2nix_3",
        "nixpkgs": [
          "chrest",
          "bob",
          "nixpkgs"
        ],
        "nixpkgs-master": "nixpkgs-master_5",
        "rust-overlay": "rust-overlay_3",
        "treefmt-nix": "treefmt-nix",
        "utils": "utils_3"
      },
      "locked": {
        "lastModified": 1779570542,
        "narHash": "sha256-BtvoySYVIEJ+EpYWjshO5SseGSo1exuLAKMkEwngW8I=",
        "owner": "amarbel-llc",
        "repo": "tap",
        "rev": "70dad86e34a7023f0675172a898b5174b1b3ebf1",
        "type": "github"
      },
      "original": {
        "owner": "amarbel-llc",
        "repo": "tap",
        "type": "github"
      }
    },
    "tap_2": {
      "inputs": {
        "bats": [
          "chrest",
          "tommy",
          "bats"
        ],
        "crane": "crane_3",
        "gomod2nix": "gomod2nix_4",
        "nixpkgs": [
          "chrest",
          "tommy",
          "nixpkgs"
        ],
        "nixpkgs-master": [
          "chrest",
          "tommy",
          "nixpkgs-master"
        ],
        "rust-overlay": "rust-overlay_4",
        "treefmt-nix": "treefmt-nix_3",
        "utils": [
          "chrest",
          "tommy",
          "utils"
        ]
      },
      "locked": {
        "lastModified": 1779570542,
        "narHash": "sha256-BtvoySYVIEJ+EpYWjshO5SseGSo1exuLAKMkEwngW8I=",
        "owner": "amarbel-llc",
        "repo": "tap",
        "rev": "70dad86e34a7023f0675172a898b5174b1b3ebf1",
        "type": "github"
      },
      "original": {
        "owner": "amarbel-llc",
        "repo": "tap",
        "type": "github"
      }
    },
    "tommy": {
      "inputs": {
        "bats": "bats_4",
        "nixpkgs": [
          "chrest",
          "nixpkgs"
        ],
        "nixpkgs-master": [
          "chrest",
          "nixpkgs-master"
        ],
        "tap": "tap_2",
        "utils": [
          "chrest",
          "utils"
        ]
      },
      "locked": {
        "lastModified": 1779573001,
        "narHash": "sha256-LPqNEhZYtCUK+OA2hmjlCrAgw4efh9u9xvWpQEbU57s=",
        "owner": "amarbel-llc",
        "repo": "tommy",
        "rev": "72d92cfee1321c76f49924ab893f56c4079899ea",
        "type": "github"
      },
      "original": {
        "owner": "amarbel-llc",
        "repo": "tommy",
        "type": "github"
      }
    },
    "treefmt-nix": {
      "inputs": {
        "nixpkgs": [
          "chrest",
          "bob",
          "tap",
          "nixpkgs"
        ]
      },
      "locked": {
        "lastModified": 1775636079,
        "narHash": "sha256-pc20NRoMdiar8oPQceQT47UUZMBTiMdUuWrYu2obUP0=",
        "owner": "numtide",
        "repo": "treefmt-nix",
        "rev": "790751ff7fd3801feeaf96d7dc416a8d581265ba",
        "type": "github"
      },
      "original": {
        "owner": "numtide",
        "repo": "treefmt-nix",
        "type": "github"
      }
    },
    "treefmt-nix_2": {
      "inputs": {
        "nixpkgs": [
          "chrest",
          "bun2nix",
          "nixpkgs"
        ]
      },
      "locked": {
        "lastModified": 1775636079,
        "narHash": "sha256-pc20NRoMdiar8oPQceQT47UUZMBTiMdUuWrYu2obUP0=",
        "owner": "numtide",
        "repo": "treefmt-nix",
        "rev": "790751ff7fd3801feeaf96d7dc416a8d581265ba",
        "type": "github"
      },
      "original": {
        "owner": "numtide",
        "repo": "treefmt-nix",
        "type": "github"
      }
    },
    "treefmt-nix_3": {
      "inputs": {
        "nixpkgs": [
          "chrest",
          "tommy",
          "tap",
          "nixpkgs"
        ]
      },
      "locked": {
        "lastModified": 1775636079,
        "narHash": "sha256-pc20NRoMdiar8oPQceQT47UUZMBTiMdUuWrYu2obUP0=",
        "owner": "numtide",
        "repo": "treefmt-nix",
        "rev": "790751ff7fd3801feeaf96d7dc416a8d581265ba",
        "type": "github"
      },
      "original": {
        "owner": "numtide",
        "repo": "treefmt-nix",
        "type": "github"
      }
    },
    "treefmt-nix_4": {
      "inputs": {
        "nixpkgs": [
          "nixpkgs",
          "nixpkgs-master"
        ]
      },
      "locked": {
        "lastModified": 1775636079,
        "narHash": "sha256-pc20NRoMdiar8oPQceQT47UUZMBTiMdUuWrYu2obUP0=",
        "owner": "numtide",
        "repo": "treefmt-nix",
        "rev": "790751ff7fd3801feeaf96d7dc416a8d581265ba",
        "type": "github"
      },
      "original": {
        "owner": "numtide",
        "repo": "treefmt-nix",
        "type": "github"
      }
    },
    "utils": {
      "inputs": {
        "systems": "systems"
      },
      "locked": {
        "lastModified": 1731533236,
        "narHash": "sha256-l0KFg5HjrsfsO/JpG+r7fRrqm12kzFHyUHqHCVpMMbI=",
        "rev": "11707dc2f618dd54ca8739b309ec4fc024de578b",
        "revCount": 102,
        "type": "tarball",
        "url": "https://api.flakehub.com/f/pinned/numtide/flake-utils/0.1.102%2Brev-11707dc2f618dd54ca8739b309ec4fc024de578b/0193276d-5b8f-7dbc-acf1-41cb7b54ad2e/source.tar.gz"
      },
      "original": {
        "type": "tarball",
        "url": "https://flakehub.com/f/numtide/flake-utils/0.1.102"
      }
    },
    "utils_2": {
      "inputs": {
        "systems": "systems_3"
      },
      "locked": {
        "lastModified": 1731533236,
        "narHash": "sha256-l0KFg5HjrsfsO/JpG+r7fRrqm12kzFHyUHqHCVpMMbI=",
        "rev": "11707dc2f618dd54ca8739b309ec4fc024de578b",
        "revCount": 102,
        "type": "tarball",
        "url": "https://api.flakehub.com/f/pinned/numtide/flake-utils/0.1.102%2Brev-11707dc2f618dd54ca8739b309ec4fc024de578b/0193276d-5b8f-7dbc-acf1-41cb7b54ad2e/source.tar.gz"
      },
      "original": {
        "type": "tarball",
        "url": "https://flakehub.com/f/numtide/flake-utils/0.1.102"
      }
    },
    "utils_3": {
      "inputs": {
        "systems": "systems_5"
      },
      "locked": {
        "lastModified": 1731533236,
        "narHash": "sha256-l0KFg5HjrsfsO/JpG+r7fRrqm12kzFHyUHqHCVpMMbI=",
        "rev": "11707dc2f618dd54ca8739b309ec4fc024de578b",
        "revCount": 102,
        "type": "tarball",
        "url": "https://api.flakehub.com/f/pinned/numtide/flake-utils/0.1.102%2Brev-11707dc2f618dd54ca8739b309ec4fc024de578b/0193276d-5b8f-7dbc-acf1-41cb7b54ad2e/source.tar.gz"
      },
      "original": {
        "type": "tarball",
        "url": "https://flakehub.com/f/numtide/flake-utils/0.1.102"
      }
    },
    "utils_4": {
      "inputs": {
        "systems": "systems_9"
      },
      "locked": {
        "lastModified": 1731533236,
        "narHash": "sha256-l0KFg5HjrsfsO/JpG+r7fRrqm12kzFHyUHqHCVpMMbI=",
        "rev": "11707dc2f618dd54ca8739b309ec4fc024de578b",
        "revCount": 102,
        "type": "tarball",
        "url": "https://api.flakehub.com/f/pinned/numtide/flake-utils/0.1.102%2Brev-11707dc2f618dd54ca8739b309ec4fc024de578b/0193276d-5b8f-7dbc-acf1-41cb7b54ad2e/source.tar.gz"
      },
      "original": {
        "type": "tarball",
        "url": "https://flakehub.com/f/numtide/flake-utils/0.1.102"
      }
    }
  },
  "root": "root",
  "version": 7
}
